
Microsoft Visual Studio Solution File, Format Version 12.00
# Visual Studio Version 17
VisualStudioVersion = 17.5.002.0
MinimumVisualStudioVersion = 10.0.40219.1
Project("{9A19103F-16F7-4668-BE54-9A1E7A4F7556}") = "Debug-101", "Debug-101.csproj", "{A54BF1C5-26D8-4F4A-BB58-C7CBFCE3649E}"
EndProject
Global
	GlobalSection(SolutionConfigurationPlatforms) = preSolution
		Debug|Any CPU = Debug|Any CPU
		Release|Any CPU = Release|Any CPU
	EndGlobalSection
	GlobalSection(ProjectConfigurationPlatforms) = postSolution
		{A54BF1C5-26D8-4F4A-BB58-C7CBFCE3649E}.Debug|Any CPU.ActiveCfg = Debug|Any CPU
		{A54BF1C5-26D8-4F4A-BB58-C7CBFCE3649E}.Debug|Any CPU.Build.0 = Debug|Any CPU
		{A54BF1C5-26D8-4F4A-BB58-C7CBFCE3649E}.Release|Any CPU.ActiveCfg = Release|Any CPU
		{A54BF1C5-26D8-4F4A-BB58-C7CBFCE3649E}.Release|Any CPU.Build.0 = Release|Any CPU
	EndGlobalSection
	GlobalSection(SolutionProperties) = preSolution
		HideSolutionNode = FALSE
	EndGlobalSection
	GlobalSection(ExtensibilityGlobals) = postSolution
		SolutionGuid = {701A2EB7-7814-4AE9-BF9E-6FCE4F80BA33}
	EndGlobalSection
EndGlobal
